
Microsoft Visual Studio Solution File, Format Version 12.00
# Visual Studio Version 16
VisualStudioVersion = 16.0.30621.155
MinimumVisualStudioVersion = 10.0.40219.1
Project("{FAE04EC0-301F-11D3-BF4B-00C04F79EFBC}") = "commandAPI", "commandAPI\commandAPI.csproj", "{584C3853-A98B-4215-A810-01AF637A15F9}"
EndProject
Global
	GlobalSection(SolutionConfigurationPlatforms) = preSolution
		Debug|Any CPU = Debug|Any CPU
		Release|Any CPU = Release|Any CPU
	EndGlobalSection
	GlobalSection(ProjectConfigurationPlatforms) = postSolution
		{584C3853-A98B-4215-A810-01AF637A15F9}.Debug|Any CPU.ActiveCfg = Debug|Any CPU
		{584C3853-A98B-4215-A810-01AF637A15F9}.Debug|Any CPU.Build.0 = Debug|Any CPU
		{584C3853-A98B-4215-A810-01AF637A15F9}.Release|Any CPU.ActiveCfg = Release|Any CPU
		{584C3853-A98B-4215-A810-01AF637A15F9}.Release|Any CPU.Build.0 = Release|Any CPU
	EndGlobalSection
	GlobalSection(SolutionProperties) = preSolution
		HideSolutionNode = FALSE
	EndGlobalSection
	GlobalSection(ExtensibilityGlobals) = postSolution
		SolutionGuid = {CE277AC4-FCB4-4289-93FF-9D95CC02F327}
	EndGlobalSection
EndGlobal
